
Microsoft Visual Studio Solution File, Format Version 12.00
# Visual Studio Version 17
VisualStudioVersion = 17.0.31903.59
MinimumVisualStudioVersion = 10.0.40219.1
Project("{2150E333-8FDC-42A3-9474-1A3956D46DE8}") = "src", "src", "{491E92C3-22EF-4CB9-BBF2-A2C7DB2D3DFF}"
EndProject
Project("{FAE04EC0-301F-11D3-BF4B-00C04F79EFBC}") = "PaymentProcessor.Web", "src\PaymentProcessor.Web\PaymentProcessor.Web.csproj", "{FEED03A2-1CD2-4371-8C23-34AEF4312766}"
EndProject
Global
	GlobalSection(SolutionConfigurationPlatforms) = preSolution
		Debug|Any CPU = Debug|Any CPU
		Release|Any CPU = Release|Any CPU
	EndGlobalSection
	GlobalSection(SolutionProperties) = preSolution
		HideSolutionNode = FALSE
	EndGlobalSection
	GlobalSection(ProjectConfigurationPlatforms) = postSolution
		{FEED03A2-1CD2-4371-8C23-34AEF4312766}.Debug|Any CPU.ActiveCfg = Debug|Any CPU
		{FEED03A2-1CD2-4371-8C23-34AEF4312766}.Debug|Any CPU.Build.0 = Debug|Any CPU
		{FEED03A2-1CD2-4371-8C23-34AEF4312766}.Release|Any CPU.ActiveCfg = Release|Any CPU
		{FEED03A2-1CD2-4371-8C23-34AEF4312766}.Release|Any CPU.Build.0 = Release|Any CPU
	EndGlobalSection
	GlobalSection(NestedProjects) = preSolution
		{FEED03A2-1CD2-4371-8C23-34AEF4312766} = {491E92C3-22EF-4CB9-BBF2-A2C7DB2D3DFF}
	EndGlobalSection
EndGlobal
